
Microsoft Visual Studio Solution File, Format Version 12.00
# Visual Studio Version 17
VisualStudioVersion = 17.14.36429.23 d17.14
MinimumVisualStudioVersion = 10.0.40219.1
Project("{8BC9CEB8-8B4A-11D0-8D11-00A0C91BC942}") = "Lab5_dz", "Lab5_dz.vcxproj", "{52FEE213-1879-4E69-8F0D-4CC674B17D7F}"
EndProject
Global
	GlobalSection(SolutionConfigurationPlatforms) = preSolution
		Debug|x64 = Debug|x64
		Debug|x86 = Debug|x86
		Release|x64 = Release|x64
		Release|x86 = Release|x86
	EndGlobalSection
	GlobalSection(ProjectConfigurationPlatforms) = postSolution
		{52FEE213-1879-4E69-8F0D-4CC674B17D7F}.Debug|x64.ActiveCfg = Debug|x64
		{52FEE213-1879-4E69-8F0D-4CC674B17D7F}.Debug|x64.Build.0 = Debug|x64
		{52FEE213-1879-4E69-8F0D-4CC674B17D7F}.Debug|x86.ActiveCfg = Debug|Win32
		{52FEE213-1879-4E69-8F0D-4CC674B17D7F}.Debug|x86.Build.0 = Debug|Win32
		{52FEE213-1879-4E69-8F0D-4CC674B17D7F}.Release|x64.ActiveCfg = Release|x64
		{52FEE213-1879-4E69-8F0D-4CC674B17D7F}.Release|x64.Build.0 = Release|x64
		{52FEE213-1879-4E69-8F0D-4CC674B17D7F}.Release|x86.ActiveCfg = Release|Win32
		{52FEE213-1879-4E69-8F0D-4CC674B17D7F}.Release|x86.Build.0 = Release|Win32
	EndGlobalSection
	GlobalSection(SolutionProperties) = preSolution
		HideSolutionNode = FALSE
	EndGlobalSection
	GlobalSection(ExtensibilityGlobals) = postSolution
		SolutionGuid = {4BBBB475-046A-4A0D-9820-8A835E93ECED}
	EndGlobalSection
EndGlobal
